
Microsoft Visual Studio Solution File, Format Version 12.00
# Visual Studio Version 16
VisualStudioVersion = 16.0.32802.440
MinimumVisualStudioVersion = 10.0.40219.1
Project("{FAE04EC0-301F-11D3-BF4B-00C04F79EFBC}") = "projCadastro", "projCadastro\projCadastro.csproj", "{2AB871DB-612A-46ED-A6A4-8831164FA9C2}"
EndProject
Global
	GlobalSection(SolutionConfigurationPlatforms) = preSolution
		Debug|Any CPU = Debug|Any CPU
		Release|Any CPU = Release|Any CPU
	EndGlobalSection
	GlobalSection(ProjectConfigurationPlatforms) = postSolution
		{2AB871DB-612A-46ED-A6A4-8831164FA9C2}.Debug|Any CPU.ActiveCfg = Debug|Any CPU
		{2AB871DB-612A-46ED-A6A4-8831164FA9C2}.Debug|Any CPU.Build.0 = Debug|Any CPU
		{2AB871DB-612A-46ED-A6A4-8831164FA9C2}.Release|Any CPU.ActiveCfg = Release|Any CPU
		{2AB871DB-612A-46ED-A6A4-8831164FA9C2}.Release|Any CPU.Build.0 = Release|Any CPU
	EndGlobalSection
	GlobalSection(SolutionProperties) = preSolution
		HideSolutionNode = FALSE
	EndGlobalSection
	GlobalSection(ExtensibilityGlobals) = postSolution
		SolutionGuid = {27B9CBF9-B64F-43F6-BB63-57B6B92B998D}
	EndGlobalSection
EndGlobal
