
Microsoft Visual Studio Solution File, Format Version 12.00
# Visual Studio Version 16
VisualStudioVersion = 16.0.32802.440
MinimumVisualStudioVersion = 10.0.40219.1
Project("{FAE04EC0-301F-11D3-BF4B-00C04F79EFBC}") = "ProjetoAcesso", "ProjetoAcesso\ProjetoAcesso.csproj", "{3D65D3BC-0520-4ED4-8E41-25AB1CF9CC26}"
EndProject
Global
	GlobalSection(SolutionConfigurationPlatforms) = preSolution
		Debug|Any CPU = Debug|Any CPU
		Release|Any CPU = Release|Any CPU
	EndGlobalSection
	GlobalSection(ProjectConfigurationPlatforms) = postSolution
		{3D65D3BC-0520-4ED4-8E41-25AB1CF9CC26}.Debug|Any CPU.ActiveCfg = Debug|Any CPU
		{3D65D3BC-0520-4ED4-8E41-25AB1CF9CC26}.Debug|Any CPU.Build.0 = Debug|Any CPU
		{3D65D3BC-0520-4ED4-8E41-25AB1CF9CC26}.Release|Any CPU.ActiveCfg = Release|Any CPU
		{3D65D3BC-0520-4ED4-8E41-25AB1CF9CC26}.Release|Any CPU.Build.0 = Release|Any CPU
	EndGlobalSection
	GlobalSection(SolutionProperties) = preSolution
		HideSolutionNode = FALSE
	EndGlobalSection
	GlobalSection(ExtensibilityGlobals) = postSolution
		SolutionGuid = {82D96CFA-F670-4BC1-A61B-C68BECD89D17}
	EndGlobalSection
EndGlobal
